
Microsoft Visual Studio Solution File, Format Version 12.00
# Visual Studio Version 17
VisualStudioVersion = 17.13.35825.156
MinimumVisualStudioVersion = 10.0.40219.1
Project("{2150E333-8FDC-42A3-9474-1A3956D46DE8}") = "Chapter00", "Chapter00", "{DDB4EF12-CC4E-5E88-E6FC-71A802F4DE97}"
EndProject
Project("{FAE04EC0-301F-11D3-BF4B-00C04F79EFBC}") = "Sample0416", "Chapter00\Sample0416\Sample0416.csproj", "{5E1F1B1D-41AA-41D8-B190-2EACFE7BFF0F}"
EndProject
Project("{FAE04EC0-301F-11D3-BF4B-00C04F79EFBC}") = "Sample0415", "Chapter00\Sample0415\Sample0415\Sample0415.csproj", "{D0F00D84-AD20-C5D6-67FE-85D6CB59A7CE}"
EndProject
Project("{FAE04EC0-301F-11D3-BF4B-00C04F79EFBC}") = "Sample0413", "Chapter00\Sample0413\Sample0413\Sample0413.csproj", "{EB11C1AF-3BBE-9D8B-B13B-CEF382F22312}"
EndProject
Project("{2150E333-8FDC-42A3-9474-1A3956D46DE8}") = "Chapter01", "Chapter01", "{835AA4D9-752B-42A2-884D-74715A5433B7}"
EndProject
Project("{2150E333-8FDC-42A3-9474-1A3956D46DE8}") = "Chapter02", "Chapter02", "{66A75A00-6A62-4E07-BE7A-9D2CFCC35BC1}"
EndProject
Project("{2150E333-8FDC-42A3-9474-1A3956D46DE8}") = "距離換算プログラム", "距離換算プログラム", "{2B36855E-9122-48D6-B290-AD40DC15AA72}"
EndProject
Project("{FAE04EC0-301F-11D3-BF4B-00C04F79EFBC}") = "DistanceConverter", "Chapter02\距離換算プログラム\DistanceConverter\DistanceConverter.csproj", "{76B6CEE4-E8A1-40F0-828B-0C7066FAFE1A}"
EndProject
Project("{2150E333-8FDC-42A3-9474-1A3956D46DE8}") = "Chapter04", "Chapter04", "{1AB3A644-A627-447B-8933-A055C090B104}"
EndProject
Project("{2150E333-8FDC-42A3-9474-1A3956D46DE8}") = "P108_文字列を数値に変換する", "P108_文字列を数値に変換する", "{D8C6D327-85EC-4BD8-9A19-F98E8D60197A}"
EndProject
Project("{FAE04EC0-301F-11D3-BF4B-00C04F79EFBC}") = "Code4_36", "Chapter04\P108_文字列を数値に変換する\Code4_36\Code4_36.csproj", "{5CA95355-3903-469B-8365-B1248847ED3F}"
EndProject
Project("{2150E333-8FDC-42A3-9474-1A3956D46DE8}") = "売上集計プログラム", "売上集計プログラム", "{50B57F91-4DC2-442A-AF4F-2DA8D2FB27AB}"
EndProject
Project("{FAE04EC0-301F-11D3-BF4B-00C04F79EFBC}") = "SalesCalculator", "Chapter02\売上集計プログラム\SalesCalculator\SalesCalculator.csproj", "{35BB79EB-27D5-40F0-8C58-D83E01008410}"
EndProject
Project("{2150E333-8FDC-42A3-9474-1A3956D46DE8}") = "演習問題", "演習問題", "{7D38B2AA-3617-43B7-978A-9F83E85BAC75}"
EndProject
Project("{FAE04EC0-301F-11D3-BF4B-00C04F79EFBC}") = "Exercise01", "Chapter02\演習問題\Exercise01\Exercise01.csproj", "{9329A57E-7C36-4AC8-ABB1-3BA067240635}"
EndProject
Project("{FAE04EC0-301F-11D3-BF4B-00C04F79EFBC}") = "Exercise02", "Chapter02\演習問題\Exercise02\Exercise02.csproj", "{02737AB0-5157-44EF-A527-115B82D6B281}"
EndProject
Project("{2150E333-8FDC-42A3-9474-1A3956D46DE8}") = "Chapter03", "Chapter03", "{9ADED55B-B701-4B8A-87D1-F4C73F173DD8}"
EndProject
Project("{2150E333-8FDC-42A3-9474-1A3956D46DE8}") = "ラムダ式とLINQ", "ラムダ式とLINQ", "{F5D16BF9-0D8C-446D-B614-ED934906304D}"
EndProject
Project("{FAE04EC0-301F-11D3-BF4B-00C04F79EFBC}") = "Section01", "Chapter03\ラムダ式とLINQ\Section01\Section01.csproj", "{F644E663-3A37-4A4C-B4B3-1411A5749CEC}"
EndProject
Project("{FAE04EC0-301F-11D3-BF4B-00C04F79EFBC}") = "Section04", "Chapter03\ラムダ式とLINQ\Section04\Section04.csproj", "{CB211202-6C52-4604-818A-A365F989EAF7}"
EndProject
Project("{2150E333-8FDC-42A3-9474-1A3956D46DE8}") = "演習問題", "演習問題", "{1FB1637C-783F-4739-A33F-2E3626B24F11}"
EndProject
Project("{FAE04EC0-301F-11D3-BF4B-00C04F79EFBC}") = "Exercise01", "Chapter03\演習問題\Exercise01\Exercise01.csproj", "{AFFF67E9-7AD0-9E21-612E-3E7843A6226A}"
EndProject
Project("{FAE04EC0-301F-11D3-BF4B-00C04F79EFBC}") = "Exercise02", "Chapter03\演習問題\Exercise02\Exercise02.csproj", "{9661600F-9E2E-EC39-AFA2-64DBC15CE967}"
EndProject
Project("{2150E333-8FDC-42A3-9474-1A3956D46DE8}") = "P098_nullに関するイディオム", "P098_nullに関するイディオム", "{BD721A54-50EC-4E2C-9D2F-14D1EEA796AF}"
EndProject
Project("{FAE04EC0-301F-11D3-BF4B-00C04F79EFBC}") = "Section04", "Chapter04\nullに関するイディオム\Section04\Section04.csproj", "{CD15EEC8-160F-4431-9F14-4E570630E375}"
EndProject
Project("{2150E333-8FDC-42A3-9474-1A3956D46DE8}") = "演習問題", "演習問題", "{CD634031-B517-484F-96E4-6A600CEEF8DA}"
EndProject
Project("{FAE04EC0-301F-11D3-BF4B-00C04F79EFBC}") = "Exercise01", "Chapter04\演習問題\Exercise01\Exercise01.csproj", "{A5D84202-016A-461E-8642-5AEFA0BF5764}"
EndProject
Project("{FAE04EC0-301F-11D3-BF4B-00C04F79EFBC}") = "Exercise02", "Chapter04\演習問題\Exercise02\Exercise02.csproj", "{227EE308-A71D-48FB-A68F-68DB20BE09B8}"
EndProject
Project("{2150E333-8FDC-42A3-9474-1A3956D46DE8}") = "Chapter05", "Chapter05", "{1299D0BC-109F-4DDD-B628-58ABF6E1F628}"
EndProject
Project("{2150E333-8FDC-42A3-9474-1A3956D46DE8}") = "プロパティに関するイディオム", "プロパティに関するイディオム", "{B3CA72CE-1D3C-4D9C-A486-4F7BD258FBAA}"
EndProject
Project("{FAE04EC0-301F-11D3-BF4B-00C04F79EFBC}") = "Section01", "Chapter05\プロパティに関するイディオム\Section01\Section01.csproj", "{3BEDFBE0-60A0-4EA9-BCF6-0C8397AFD907}"
EndProject
Project("{2150E333-8FDC-42A3-9474-1A3956D46DE8}") = "メソッドに関するイディオム", "メソッドに関するイディオム", "{C5439DF0-A061-4DE4-A7E6-5C089F52FA48}"
EndProject
Project("{FAE04EC0-301F-11D3-BF4B-00C04F79EFBC}") = "Section02", "Chapter05\メソッドに関するイディオム\Section02\Section02.csproj", "{35529316-3CB7-4101-9062-F39EDC203D05}"
EndProject
Project("{2150E333-8FDC-42A3-9474-1A3956D46DE8}") = "演習問題", "演習問題", "{FA50D6D0-231F-4841-A65E-CF621FBF0B4B}"
EndProject
Project("{FAE04EC0-301F-11D3-BF4B-00C04F79EFBC}") = "Exercise01", "Chapter05\演習問題\Exercise01\Exercise01.csproj", "{56061958-3415-4A32-8824-A9504E142C46}"
EndProject
Project("{FAE04EC0-301F-11D3-BF4B-00C04F79EFBC}") = "Exercise02", "Chapter05\演習問題\Exercise02\Exercise02.csproj", "{626BB5BA-D8B3-417F-BD06-A57DCBCB6AED}"
EndProject
Project("{FAE04EC0-301F-11D3-BF4B-00C04F79EFBC}") = "Exercise03", "Chapter05\演習問題\Exercise03\Exercise03.csproj", "{31470807-4C94-40F5-82A9-9289CCF165B0}"
EndProject
Project("{2150E333-8FDC-42A3-9474-1A3956D46DE8}") = "Chapter06", "Chapter06", "{93A4671D-0E82-4142-B912-DC3D2AB2DB6F}"
EndProject
Project("{2150E333-8FDC-42A3-9474-1A3956D46DE8}") = "文字列の比較", "文字列の比較", "{604D3628-DA1D-443E-8F89-20C17F843621}"
EndProject
Project("{FAE04EC0-301F-11D3-BF4B-00C04F79EFBC}") = "Section01", "Chapter06\文字列の比較\Section01\Section01.csproj", "{8A0C6E19-4D89-438C-B991-76EB36AF2D0C}"
EndProject
Project("{2150E333-8FDC-42A3-9474-1A3956D46DE8}") = "演習問題", "演習問題", "{F5438B38-33FE-448F-9698-27F2B5CCBA22}"
EndProject
Project("{FAE04EC0-301F-11D3-BF4B-00C04F79EFBC}") = "Exercise01", "Chapter06\演習問題\Exercise01\Exercise01.csproj", "{3B849946-D727-4720-9599-4A165214FE75}"
EndProject
Project("{FAE04EC0-301F-11D3-BF4B-00C04F79EFBC}") = "Exercise03", "Chapter06\演習問題\Exercise03\Exercise03.csproj", "{766DC129-B7E6-6BE5-67FF-02794A6C9D6A}"
EndProject
Project("{FAE04EC0-301F-11D3-BF4B-00C04F79EFBC}") = "Exercise02", "Chapter06\演習問題\Exercise02\Exercise02.csproj", "{9605B4B8-0A34-BDE4-CFD2-F49073E3B9EF}"
EndProject
Project("{2150E333-8FDC-42A3-9474-1A3956D46DE8}") = "文字列の連結と分割", "文字列の連結と分割", "{9EE9F8CE-89F5-452F-BDE0-690CAA2F4C98}"
EndProject
Project("{FAE04EC0-301F-11D3-BF4B-00C04F79EFBC}") = "Section05", "Chapter06\文字列の連結と分割\Section05\Section05.csproj", "{35E03638-7C01-4997-97F9-7520B7553795}"
EndProject
Project("{FAE04EC0-301F-11D3-BF4B-00C04F79EFBC}") = "Exercise04", "Chapter06\演習問題\Exercise04\Exercise04.csproj", "{8758FBDB-9295-0DA5-31B6-DA01667F06FB}"
EndProject
Project("{2150E333-8FDC-42A3-9474-1A3956D46DE8}") = "Chapter07", "Chapter07", "{292D581D-7870-455D-AD4F-6A4503E5415B}"
EndProject
Project("{FAE04EC0-301F-11D3-BF4B-00C04F79EFBC}") = "Section01", "Chapter07\Section01\Section01.csproj", "{0717848E-9225-C8BC-F14E-D10D7B727278}"
EndProject
Project("{2150E333-8FDC-42A3-9474-1A3956D46DE8}") = "演習問題", "演習問題", "{F7DC0A69-1C43-458E-B15C-1E308A119E6D}"
EndProject
Project("{FAE04EC0-301F-11D3-BF4B-00C04F79EFBC}") = "Exercise01", "Chapter07\演習問題\Exercise01\Exercise01.csproj", "{AC9BBC61-9097-422C-AE2B-5B0DF9D291A5}"
EndProject
Global
	GlobalSection(SolutionConfigurationPlatforms) = preSolution
		Debug|Any CPU = Debug|Any CPU
		Release|Any CPU = Release|Any CPU
	EndGlobalSection
	GlobalSection(ProjectConfigurationPlatforms) = postSolution
		{5E1F1B1D-41AA-41D8-B190-2EACFE7BFF0F}.Debug|Any CPU.ActiveCfg = Debug|Any CPU
		{5E1F1B1D-41AA-41D8-B190-2EACFE7BFF0F}.Debug|Any CPU.Build.0 = Debug|Any CPU
		{5E1F1B1D-41AA-41D8-B190-2EACFE7BFF0F}.Release|Any CPU.ActiveCfg = Release|Any CPU
		{5E1F1B1D-41AA-41D8-B190-2EACFE7BFF0F}.Release|Any CPU.Build.0 = Release|Any CPU
		{D0F00D84-AD20-C5D6-67FE-85D6CB59A7CE}.Debug|Any CPU.ActiveCfg = Debug|Any CPU
		{D0F00D84-AD20-C5D6-67FE-85D6CB59A7CE}.Debug|Any CPU.Build.0 = Debug|Any CPU
		{D0F00D84-AD20-C5D6-67FE-85D6CB59A7CE}.Release|Any CPU.ActiveCfg = Release|Any CPU
		{D0F00D84-AD20-C5D6-67FE-85D6CB59A7CE}.Release|Any CPU.Build.0 = Release|Any CPU
		{EB11C1AF-3BBE-9D8B-B13B-CEF382F22312}.Debug|Any CPU.ActiveCfg = Debug|Any CPU
		{EB11C1AF-3BBE-9D8B-B13B-CEF382F22312}.Debug|Any CPU.Build.0 = Debug|Any CPU
		{EB11C1AF-3BBE-9D8B-B13B-CEF382F22312}.Release|Any CPU.ActiveCfg = Release|Any CPU
		{EB11C1AF-3BBE-9D8B-B13B-CEF382F22312}.Release|Any CPU.Build.0 = Release|Any CPU
		{76B6CEE4-E8A1-40F0-828B-0C7066FAFE1A}.Debug|Any CPU.ActiveCfg = Debug|Any CPU
		{76B6CEE4-E8A1-40F0-828B-0C7066FAFE1A}.Debug|Any CPU.Build.0 = Debug|Any CPU
		{76B6CEE4-E8A1-40F0-828B-0C7066FAFE1A}.Release|Any CPU.ActiveCfg = Release|Any CPU
		{76B6CEE4-E8A1-40F0-828B-0C7066FAFE1A}.Release|Any CPU.Build.0 = Release|Any CPU
		{5CA95355-3903-469B-8365-B1248847ED3F}.Debug|Any CPU.ActiveCfg = Debug|Any CPU
		{5CA95355-3903-469B-8365-B1248847ED3F}.Debug|Any CPU.Build.0 = Debug|Any CPU
		{5CA95355-3903-469B-8365-B1248847ED3F}.Release|Any CPU.ActiveCfg = Release|Any CPU
		{5CA95355-3903-469B-8365-B1248847ED3F}.Release|Any CPU.Build.0 = Release|Any CPU
		{35BB79EB-27D5-40F0-8C58-D83E01008410}.Debug|Any CPU.ActiveCfg = Debug|Any CPU
		{35BB79EB-27D5-40F0-8C58-D83E01008410}.Debug|Any CPU.Build.0 = Debug|Any CPU
		{35BB79EB-27D5-40F0-8C58-D83E01008410}.Release|Any CPU.ActiveCfg = Release|Any CPU
		{35BB79EB-27D5-40F0-8C58-D83E01008410}.Release|Any CPU.Build.0 = Release|Any CPU
		{9329A57E-7C36-4AC8-ABB1-3BA067240635}.Debug|Any CPU.ActiveCfg = Debug|Any CPU
		{9329A57E-7C36-4AC8-ABB1-3BA067240635}.Debug|Any CPU.Build.0 = Debug|Any CPU
		{9329A57E-7C36-4AC8-ABB1-3BA067240635}.Release|Any CPU.ActiveCfg = Release|Any CPU
		{9329A57E-7C36-4AC8-ABB1-3BA067240635}.Release|Any CPU.Build.0 = Release|Any CPU
		{02737AB0-5157-44EF-A527-115B82D6B281}.Debug|Any CPU.ActiveCfg = Debug|Any CPU
		{02737AB0-5157-44EF-A527-115B82D6B281}.Debug|Any CPU.Build.0 = Debug|Any CPU
		{02737AB0-5157-44EF-A527-115B82D6B281}.Release|Any CPU.ActiveCfg = Release|Any CPU
		{02737AB0-5157-44EF-A527-115B82D6B281}.Release|Any CPU.Build.0 = Release|Any CPU
		{F644E663-3A37-4A4C-B4B3-1411A5749CEC}.Debug|Any CPU.ActiveCfg = Debug|Any CPU
		{F644E663-3A37-4A4C-B4B3-1411A5749CEC}.Debug|Any CPU.Build.0 = Debug|Any CPU
		{F644E663-3A37-4A4C-B4B3-1411A5749CEC}.Release|Any CPU.ActiveCfg = Release|Any CPU
		{F644E663-3A37-4A4C-B4B3-1411A5749CEC}.Release|Any CPU.Build.0 = Release|Any CPU
		{CB211202-6C52-4604-818A-A365F989EAF7}.Debug|Any CPU.ActiveCfg = Debug|Any CPU
		{CB211202-6C52-4604-818A-A365F989EAF7}.Debug|Any CPU.Build.0 = Debug|Any CPU
		{CB211202-6C52-4604-818A-A365F989EAF7}.Release|Any CPU.ActiveCfg = Release|Any CPU
		{CB211202-6C52-4604-818A-A365F989EAF7}.Release|Any CPU.Build.0 = Release|Any CPU
		{AFFF67E9-7AD0-9E21-612E-3E7843A6226A}.Debug|Any CPU.ActiveCfg = Debug|Any CPU
		{AFFF67E9-7AD0-9E21-612E-3E7843A6226A}.Debug|Any CPU.Build.0 = Debug|Any CPU
		{AFFF67E9-7AD0-9E21-612E-3E7843A6226A}.Release|Any CPU.ActiveCfg = Release|Any CPU
		{AFFF67E9-7AD0-9E21-612E-3E7843A6226A}.Release|Any CPU.Build.0 = Release|Any CPU
		{9661600F-9E2E-EC39-AFA2-64DBC15CE967}.Debug|Any CPU.ActiveCfg = Debug|Any CPU
		{9661600F-9E2E-EC39-AFA2-64DBC15CE967}.Debug|Any CPU.Build.0 = Debug|Any CPU
		{9661600F-9E2E-EC39-AFA2-64DBC15CE967}.Release|Any CPU.ActiveCfg = Release|Any CPU
		{9661600F-9E2E-EC39-AFA2-64DBC15CE967}.Release|Any CPU.Build.0 = Release|Any CPU
		{CD15EEC8-160F-4431-9F14-4E570630E375}.Debug|Any CPU.ActiveCfg = Debug|Any CPU
		{CD15EEC8-160F-4431-9F14-4E570630E375}.Debug|Any CPU.Build.0 = Debug|Any CPU
		{CD15EEC8-160F-4431-9F14-4E570630E375}.Release|Any CPU.ActiveCfg = Release|Any CPU
		{CD15EEC8-160F-4431-9F14-4E570630E375}.Release|Any CPU.Build.0 = Release|Any CPU
		{A5D84202-016A-461E-8642-5AEFA0BF5764}.Debug|Any CPU.ActiveCfg = Debug|Any CPU
		{A5D84202-016A-461E-8642-5AEFA0BF5764}.Debug|Any CPU.Build.0 = Debug|Any CPU
		{A5D84202-016A-461E-8642-5AEFA0BF5764}.Release|Any CPU.ActiveCfg = Release|Any CPU
		{A5D84202-016A-461E-8642-5AEFA0BF5764}.Release|Any CPU.Build.0 = Release|Any CPU
		{227EE308-A71D-48FB-A68F-68DB20BE09B8}.Debug|Any CPU.ActiveCfg = Debug|Any CPU
		{227EE308-A71D-48FB-A68F-68DB20BE09B8}.Debug|Any CPU.Build.0 = Debug|Any CPU
		{227EE308-A71D-48FB-A68F-68DB20BE09B8}.Release|Any CPU.ActiveCfg = Release|Any CPU
		{227EE308-A71D-48FB-A68F-68DB20BE09B8}.Release|Any CPU.Build.0 = Release|Any CPU
		{3BEDFBE0-60A0-4EA9-BCF6-0C8397AFD907}.Debug|Any CPU.ActiveCfg = Debug|Any CPU
		{3BEDFBE0-60A0-4EA9-BCF6-0C8397AFD907}.Debug|Any CPU.Build.0 = Debug|Any CPU
		{3BEDFBE0-60A0-4EA9-BCF6-0C8397AFD907}.Release|Any CPU.ActiveCfg = Release|Any CPU
		{3BEDFBE0-60A0-4EA9-BCF6-0C8397AFD907}.Release|Any CPU.Build.0 = Release|Any CPU
		{35529316-3CB7-4101-9062-F39EDC203D05}.Debug|Any CPU.ActiveCfg = Debug|Any CPU
		{35529316-3CB7-4101-9062-F39EDC203D05}.Debug|Any CPU.Build.0 = Debug|Any CPU
		{35529316-3CB7-4101-9062-F39EDC203D05}.Release|Any CPU.ActiveCfg = Release|Any CPU
		{35529316-3CB7-4101-9062-F39EDC203D05}.Release|Any CPU.Build.0 = Release|Any CPU
		{56061958-3415-4A32-8824-A9504E142C46}.Debug|Any CPU.ActiveCfg = Debug|Any CPU
		{56061958-3415-4A32-8824-A9504E142C46}.Debug|Any CPU.Build.0 = Debug|Any CPU
		{56061958-3415-4A32-8824-A9504E142C46}.Release|Any CPU.ActiveCfg = Release|Any CPU
		{56061958-3415-4A32-8824-A9504E142C46}.Release|Any CPU.Build.0 = Release|Any CPU
		{626BB5BA-D8B3-417F-BD06-A57DCBCB6AED}.Debug|Any CPU.ActiveCfg = Debug|Any CPU
		{626BB5BA-D8B3-417F-BD06-A57DCBCB6AED}.Debug|Any CPU.Build.0 = Debug|Any CPU
		{626BB5BA-D8B3-417F-BD06-A57DCBCB6AED}.Release|Any CPU.ActiveCfg = Release|Any CPU
		{626BB5BA-D8B3-417F-BD06-A57DCBCB6AED}.Release|Any CPU.Build.0 = Release|Any CPU
		{31470807-4C94-40F5-82A9-9289CCF165B0}.Debug|Any CPU.ActiveCfg = Debug|Any CPU
		{31470807-4C94-40F5-82A9-9289CCF165B0}.Debug|Any CPU.Build.0 = Debug|Any CPU
		{31470807-4C94-40F5-82A9-9289CCF165B0}.Release|Any CPU.ActiveCfg = Release|Any CPU
		{31470807-4C94-40F5-82A9-9289CCF165B0}.Release|Any CPU.Build.0 = Release|Any CPU
		{8A0C6E19-4D89-438C-B991-76EB36AF2D0C}.Debug|Any CPU.ActiveCfg = Debug|Any CPU
		{8A0C6E19-4D89-438C-B991-76EB36AF2D0C}.Debug|Any CPU.Build.0 = Debug|Any CPU
		{8A0C6E19-4D89-438C-B991-76EB36AF2D0C}.Release|Any CPU.ActiveCfg = Release|Any CPU
		{8A0C6E19-4D89-438C-B991-76EB36AF2D0C}.Release|Any CPU.Build.0 = Release|Any CPU
		{3B849946-D727-4720-9599-4A165214FE75}.Debug|Any CPU.ActiveCfg = Debug|Any CPU
		{3B849946-D727-4720-9599-4A165214FE75}.Debug|Any CPU.Build.0 = Debug|Any CPU
		{3B849946-D727-4720-9599-4A165214FE75}.Release|Any CPU.ActiveCfg = Release|Any CPU
		{3B849946-D727-4720-9599-4A165214FE75}.Release|Any CPU.Build.0 = Release|Any CPU
		{766DC129-B7E6-6BE5-67FF-02794A6C9D6A}.Debug|Any CPU.ActiveCfg = Debug|Any CPU
		{766DC129-B7E6-6BE5-67FF-02794A6C9D6A}.Debug|Any CPU.Build.0 = Debug|Any CPU
		{766DC129-B7E6-6BE5-67FF-02794A6C9D6A}.Release|Any CPU.ActiveCfg = Release|Any CPU
		{766DC129-B7E6-6BE5-67FF-02794A6C9D6A}.Release|Any CPU.Build.0 = Release|Any CPU
		{9605B4B8-0A34-BDE4-CFD2-F49073E3B9EF}.Debug|Any CPU.ActiveCfg = Debug|Any CPU
		{9605B4B8-0A34-BDE4-CFD2-F49073E3B9EF}.Debug|Any CPU.Build.0 = Debug|Any CPU
		{9605B4B8-0A34-BDE4-CFD2-F49073E3B9EF}.Release|Any CPU.ActiveCfg = Release|Any CPU
		{9605B4B8-0A34-BDE4-CFD2-F49073E3B9EF}.Release|Any CPU.Build.0 = Release|Any CPU
		{35E03638-7C01-4997-97F9-7520B7553795}.Debug|Any CPU.ActiveCfg = Debug|Any CPU
		{35E03638-7C01-4997-97F9-7520B7553795}.Debug|Any CPU.Build.0 = Debug|Any CPU
		{35E03638-7C01-4997-97F9-7520B7553795}.Release|Any CPU.ActiveCfg = Release|Any CPU
		{35E03638-7C01-4997-97F9-7520B7553795}.Release|Any CPU.Build.0 = Release|Any CPU
		{8758FBDB-9295-0DA5-31B6-DA01667F06FB}.Debug|Any CPU.ActiveCfg = Debug|Any CPU
		{8758FBDB-9295-0DA5-31B6-DA01667F06FB}.Debug|Any CPU.Build.0 = Debug|Any CPU
		{8758FBDB-9295-0DA5-31B6-DA01667F06FB}.Release|Any CPU.ActiveCfg = Release|Any CPU
		{8758FBDB-9295-0DA5-31B6-DA01667F06FB}.Release|Any CPU.Build.0 = Release|Any CPU
		{0717848E-9225-C8BC-F14E-D10D7B727278}.Debug|Any CPU.ActiveCfg = Debug|Any CPU
		{0717848E-9225-C8BC-F14E-D10D7B727278}.Debug|Any CPU.Build.0 = Debug|Any CPU
		{0717848E-9225-C8BC-F14E-D10D7B727278}.Release|Any CPU.ActiveCfg = Release|Any CPU
		{0717848E-9225-C8BC-F14E-D10D7B727278}.Release|Any CPU.Build.0 = Release|Any CPU
		{AC9BBC61-9097-422C-AE2B-5B0DF9D291A5}.Debug|Any CPU.ActiveCfg = Debug|Any CPU
		{AC9BBC61-9097-422C-AE2B-5B0DF9D291A5}.Debug|Any CPU.Build.0 = Debug|Any CPU
		{AC9BBC61-9097-422C-AE2B-5B0DF9D291A5}.Release|Any CPU.ActiveCfg = Release|Any CPU
		{AC9BBC61-9097-422C-AE2B-5B0DF9D291A5}.Release|Any CPU.Build.0 = Release|Any CPU
	EndGlobalSection
	GlobalSection(SolutionProperties) = preSolution
		HideSolutionNode = FALSE
	EndGlobalSection
	GlobalSection(NestedProjects) = preSolution
		{5E1F1B1D-41AA-41D8-B190-2EACFE7BFF0F} = {DDB4EF12-CC4E-5E88-E6FC-71A802F4DE97}
		{D0F00D84-AD20-C5D6-67FE-85D6CB59A7CE} = {DDB4EF12-CC4E-5E88-E6FC-71A802F4DE97}
		{EB11C1AF-3BBE-9D8B-B13B-CEF382F22312} = {DDB4EF12-CC4E-5E88-E6FC-71A802F4DE97}
		{2B36855E-9122-48D6-B290-AD40DC15AA72} = {66A75A00-6A62-4E07-BE7A-9D2CFCC35BC1}
		{76B6CEE4-E8A1-40F0-828B-0C7066FAFE1A} = {2B36855E-9122-48D6-B290-AD40DC15AA72}
		{D8C6D327-85EC-4BD8-9A19-F98E8D60197A} = {1AB3A644-A627-447B-8933-A055C090B104}
		{5CA95355-3903-469B-8365-B1248847ED3F} = {D8C6D327-85EC-4BD8-9A19-F98E8D60197A}
		{50B57F91-4DC2-442A-AF4F-2DA8D2FB27AB} = {66A75A00-6A62-4E07-BE7A-9D2CFCC35BC1}
		{35BB79EB-27D5-40F0-8C58-D83E01008410} = {50B57F91-4DC2-442A-AF4F-2DA8D2FB27AB}
		{7D38B2AA-3617-43B7-978A-9F83E85BAC75} = {66A75A00-6A62-4E07-BE7A-9D2CFCC35BC1}
		{9329A57E-7C36-4AC8-ABB1-3BA067240635} = {7D38B2AA-3617-43B7-978A-9F83E85BAC75}
		{02737AB0-5157-44EF-A527-115B82D6B281} = {7D38B2AA-3617-43B7-978A-9F83E85BAC75}
		{F5D16BF9-0D8C-446D-B614-ED934906304D} = {9ADED55B-B701-4B8A-87D1-F4C73F173DD8}
		{F644E663-3A37-4A4C-B4B3-1411A5749CEC} = {F5D16BF9-0D8C-446D-B614-ED934906304D}
		{CB211202-6C52-4604-818A-A365F989EAF7} = {F5D16BF9-0D8C-446D-B614-ED934906304D}
		{1FB1637C-783F-4739-A33F-2E3626B24F11} = {9ADED55B-B701-4B8A-87D1-F4C73F173DD8}
		{AFFF67E9-7AD0-9E21-612E-3E7843A6226A} = {1FB1637C-783F-4739-A33F-2E3626B24F11}
		{9661600F-9E2E-EC39-AFA2-64DBC15CE967} = {1FB1637C-783F-4739-A33F-2E3626B24F11}
		{BD721A54-50EC-4E2C-9D2F-14D1EEA796AF} = {1AB3A644-A627-447B-8933-A055C090B104}
		{CD15EEC8-160F-4431-9F14-4E570630E375} = {BD721A54-50EC-4E2C-9D2F-14D1EEA796AF}
		{CD634031-B517-484F-96E4-6A600CEEF8DA} = {1AB3A644-A627-447B-8933-A055C090B104}
		{A5D84202-016A-461E-8642-5AEFA0BF5764} = {CD634031-B517-484F-96E4-6A600CEEF8DA}
		{227EE308-A71D-48FB-A68F-68DB20BE09B8} = {CD634031-B517-484F-96E4-6A600CEEF8DA}
		{B3CA72CE-1D3C-4D9C-A486-4F7BD258FBAA} = {1299D0BC-109F-4DDD-B628-58ABF6E1F628}
		{3BEDFBE0-60A0-4EA9-BCF6-0C8397AFD907} = {B3CA72CE-1D3C-4D9C-A486-4F7BD258FBAA}
		{C5439DF0-A061-4DE4-A7E6-5C089F52FA48} = {1299D0BC-109F-4DDD-B628-58ABF6E1F628}
		{35529316-3CB7-4101-9062-F39EDC203D05} = {C5439DF0-A061-4DE4-A7E6-5C089F52FA48}
		{FA50D6D0-231F-4841-A65E-CF621FBF0B4B} = {1299D0BC-109F-4DDD-B628-58ABF6E1F628}
		{56061958-3415-4A32-8824-A9504E142C46} = {FA50D6D0-231F-4841-A65E-CF621FBF0B4B}
		{626BB5BA-D8B3-417F-BD06-A57DCBCB6AED} = {FA50D6D0-231F-4841-A65E-CF621FBF0B4B}
		{31470807-4C94-40F5-82A9-9289CCF165B0} = {FA50D6D0-231F-4841-A65E-CF621FBF0B4B}
		{604D3628-DA1D-443E-8F89-20C17F843621} = {93A4671D-0E82-4142-B912-DC3D2AB2DB6F}
		{8A0C6E19-4D89-438C-B991-76EB36AF2D0C} = {604D3628-DA1D-443E-8F89-20C17F843621}
		{F5438B38-33FE-448F-9698-27F2B5CCBA22} = {93A4671D-0E82-4142-B912-DC3D2AB2DB6F}
		{3B849946-D727-4720-9599-4A165214FE75} = {F5438B38-33FE-448F-9698-27F2B5CCBA22}
		{766DC129-B7E6-6BE5-67FF-02794A6C9D6A} = {F5438B38-33FE-448F-9698-27F2B5CCBA22}
		{9605B4B8-0A34-BDE4-CFD2-F49073E3B9EF} = {F5438B38-33FE-448F-9698-27F2B5CCBA22}
		{9EE9F8CE-89F5-452F-BDE0-690CAA2F4C98} = {93A4671D-0E82-4142-B912-DC3D2AB2DB6F}
		{35E03638-7C01-4997-97F9-7520B7553795} = {9EE9F8CE-89F5-452F-BDE0-690CAA2F4C98}
		{8758FBDB-9295-0DA5-31B6-DA01667F06FB} = {F5438B38-33FE-448F-9698-27F2B5CCBA22}
		{0717848E-9225-C8BC-F14E-D10D7B727278} = {292D581D-7870-455D-AD4F-6A4503E5415B}
		{F7DC0A69-1C43-458E-B15C-1E308A119E6D} = {292D581D-7870-455D-AD4F-6A4503E5415B}
		{AC9BBC61-9097-422C-AE2B-5B0DF9D291A5} = {F7DC0A69-1C43-458E-B15C-1E308A119E6D}
	EndGlobalSection
	GlobalSection(ExtensibilityGlobals) = postSolution
		SolutionGuid = {F12B8131-7C0C-477E-A6D4-FACBB08B9856}
	EndGlobalSection
EndGlobal
