
Microsoft Visual Studio Solution File, Format Version 12.00
# Visual Studio Version 17
VisualStudioVersion = 17.13.35825.156
MinimumVisualStudioVersion = 10.0.40219.1
Project("{2150E333-8FDC-42A3-9474-1A3956D46DE8}") = "Chapter00", "Chapter00", "{DDB4EF12-CC4E-5E88-E6FC-71A802F4DE97}"
EndProject
Project("{FAE04EC0-301F-11D3-BF4B-00C04F79EFBC}") = "Sample0416", "Chapter00\Sample0416\Sample0416.csproj", "{5E1F1B1D-41AA-41D8-B190-2EACFE7BFF0F}"
EndProject
Project("{FAE04EC0-301F-11D3-BF4B-00C04F79EFBC}") = "Sample0415", "Chapter00\Sample0415\Sample0415\Sample0415.csproj", "{D0F00D84-AD20-C5D6-67FE-85D6CB59A7CE}"
EndProject
Project("{FAE04EC0-301F-11D3-BF4B-00C04F79EFBC}") = "Sample0413", "Chapter00\Sample0413\Sample0413\Sample0413.csproj", "{EB11C1AF-3BBE-9D8B-B13B-CEF382F22312}"
EndProject
Project("{2150E333-8FDC-42A3-9474-1A3956D46DE8}") = "Chapter01", "Chapter01", "{835AA4D9-752B-42A2-884D-74715A5433B7}"
EndProject
Project("{2150E333-8FDC-42A3-9474-1A3956D46DE8}") = "Chapter02", "Chapter02", "{66A75A00-6A62-4E07-BE7A-9D2CFCC35BC1}"
EndProject
Project("{2150E333-8FDC-42A3-9474-1A3956D46DE8}") = "距離換算プログラム", "距離換算プログラム", "{2B36855E-9122-48D6-B290-AD40DC15AA72}"
EndProject
Project("{FAE04EC0-301F-11D3-BF4B-00C04F79EFBC}") = "DistanceConverter", "Chapter02\距離換算プログラム\DistanceConverter\DistanceConverter.csproj", "{76B6CEE4-E8A1-40F0-828B-0C7066FAFE1A}"
EndProject
Global
	GlobalSection(SolutionConfigurationPlatforms) = preSolution
		Debug|Any CPU = Debug|Any CPU
		Release|Any CPU = Release|Any CPU
	EndGlobalSection
	GlobalSection(ProjectConfigurationPlatforms) = postSolution
		{5E1F1B1D-41AA-41D8-B190-2EACFE7BFF0F}.Debug|Any CPU.ActiveCfg = Debug|Any CPU
		{5E1F1B1D-41AA-41D8-B190-2EACFE7BFF0F}.Debug|Any CPU.Build.0 = Debug|Any CPU
		{5E1F1B1D-41AA-41D8-B190-2EACFE7BFF0F}.Release|Any CPU.ActiveCfg = Release|Any CPU
		{5E1F1B1D-41AA-41D8-B190-2EACFE7BFF0F}.Release|Any CPU.Build.0 = Release|Any CPU
		{D0F00D84-AD20-C5D6-67FE-85D6CB59A7CE}.Debug|Any CPU.ActiveCfg = Debug|Any CPU
		{D0F00D84-AD20-C5D6-67FE-85D6CB59A7CE}.Debug|Any CPU.Build.0 = Debug|Any CPU
		{D0F00D84-AD20-C5D6-67FE-85D6CB59A7CE}.Release|Any CPU.ActiveCfg = Release|Any CPU
		{D0F00D84-AD20-C5D6-67FE-85D6CB59A7CE}.Release|Any CPU.Build.0 = Release|Any CPU
		{EB11C1AF-3BBE-9D8B-B13B-CEF382F22312}.Debug|Any CPU.ActiveCfg = Debug|Any CPU
		{EB11C1AF-3BBE-9D8B-B13B-CEF382F22312}.Debug|Any CPU.Build.0 = Debug|Any CPU
		{EB11C1AF-3BBE-9D8B-B13B-CEF382F22312}.Release|Any CPU.ActiveCfg = Release|Any CPU
		{EB11C1AF-3BBE-9D8B-B13B-CEF382F22312}.Release|Any CPU.Build.0 = Release|Any CPU
		{76B6CEE4-E8A1-40F0-828B-0C7066FAFE1A}.Debug|Any CPU.ActiveCfg = Debug|Any CPU
		{76B6CEE4-E8A1-40F0-828B-0C7066FAFE1A}.Debug|Any CPU.Build.0 = Debug|Any CPU
		{76B6CEE4-E8A1-40F0-828B-0C7066FAFE1A}.Release|Any CPU.ActiveCfg = Release|Any CPU
		{76B6CEE4-E8A1-40F0-828B-0C7066FAFE1A}.Release|Any CPU.Build.0 = Release|Any CPU
	EndGlobalSection
	GlobalSection(SolutionProperties) = preSolution
		HideSolutionNode = FALSE
	EndGlobalSection
	GlobalSection(NestedProjects) = preSolution
		{5E1F1B1D-41AA-41D8-B190-2EACFE7BFF0F} = {DDB4EF12-CC4E-5E88-E6FC-71A802F4DE97}
		{D0F00D84-AD20-C5D6-67FE-85D6CB59A7CE} = {DDB4EF12-CC4E-5E88-E6FC-71A802F4DE97}
		{EB11C1AF-3BBE-9D8B-B13B-CEF382F22312} = {DDB4EF12-CC4E-5E88-E6FC-71A802F4DE97}
		{2B36855E-9122-48D6-B290-AD40DC15AA72} = {66A75A00-6A62-4E07-BE7A-9D2CFCC35BC1}
		{76B6CEE4-E8A1-40F0-828B-0C7066FAFE1A} = {2B36855E-9122-48D6-B290-AD40DC15AA72}
	EndGlobalSection
	GlobalSection(ExtensibilityGlobals) = postSolution
		SolutionGuid = {F12B8131-7C0C-477E-A6D4-FACBB08B9856}
	EndGlobalSection
EndGlobal
