
Microsoft Visual Studio Solution File, Format Version 12.00
# Visual Studio Version 17
VisualStudioVersion = 17.13.35825.156 d17.13
MinimumVisualStudioVersion = 10.0.40219.1
Project("{FAE04EC0-301F-11D3-BF4B-00C04F79EFBC}") = "Sample0413", "Sample0413\Sample0413.csproj", "{E11AAA7E-D8A0-4369-A78C-57DBA3F23992}"
EndProject
Global
	GlobalSection(SolutionConfigurationPlatforms) = preSolution
		Debug|Any CPU = Debug|Any CPU
		Release|Any CPU = Release|Any CPU
	EndGlobalSection
	GlobalSection(ProjectConfigurationPlatforms) = postSolution
		{E11AAA7E-D8A0-4369-A78C-57DBA3F23992}.Debug|Any CPU.ActiveCfg = Debug|Any CPU
		{E11AAA7E-D8A0-4369-A78C-57DBA3F23992}.Debug|Any CPU.Build.0 = Debug|Any CPU
		{E11AAA7E-D8A0-4369-A78C-57DBA3F23992}.Release|Any CPU.ActiveCfg = Release|Any CPU
		{E11AAA7E-D8A0-4369-A78C-57DBA3F23992}.Release|Any CPU.Build.0 = Release|Any CPU
	EndGlobalSection
	GlobalSection(SolutionProperties) = preSolution
		HideSolutionNode = FALSE
	EndGlobalSection
	GlobalSection(ExtensibilityGlobals) = postSolution
		SolutionGuid = {2F3850D8-9BBF-41EB-B1DC-C8450C332057}
	EndGlobalSection
EndGlobal
